{"1.1.0",
[{<<"certifi">>,{pkg,<<"certifi">>,<<"2.5.2">>},0},
 {<<"ibrowse">>,{pkg,<<"ibrowse">>,<<"4.2.2">>},0},
 {<<"idna">>,{pkg,<<"idna">>,<<"5.1.2">>},0},
 {<<"mimerl">>,{pkg,<<"mimerl">>,<<"1.2.0">>},0},
 {<<"mytest1_feature">>,
  {git,"https://github.com/anglli/mytest1.git",
       {ref,"b10492c9d9c43c73505cbf04f28a8f574531c32e"}},
  0},
 {<<"mytest1_master">>,
  {git,"https://github.com/anglli/mytest1.git",
       {ref,"3f0429ba5cba0f946d82901885927c7a84a6f538"}},
  0},
 {<<"mytest1_master_behind">>,
  {git,"https://github.com/anglli/mytest1.git",
       {ref,"ede18a280e95c16c96457f291fef8736e5cc35e6"}},
  0},
 {<<"mytest1_not_on_master">>,
  {git,"https://github.com/anglli/mytest1.git",
       {ref,"b10492c9d9c43c73505cbf04f28a8f574531c32e"}},
  0},
 {<<"mytest1_no_rev">>,
  {git,"https://github.com/anglli/mytest1.git",
       {ref,"3f0429ba5cba0f946d82901885927c7a84a6f538"}},
  0},
 {<<"mytest1_ref1">>,
  {git,"https://github.com/anglli/mytest1.git",
       {ref,"81376b1254fb23d99c85d52965448cfc80257117"}},
  0},
 {<<"mytest1_not_on_ref1">>,
  {git,"https://github.com/anglli/mytest1.git",
       {ref,"6c6bb3f0f95ab2a900c5a5ca4e052739c7c46234"}},
  0},
 {<<"mytest1_tag1">>,
  {git,"https://github.com/anglli/mytest1.git",
       {ref,"81376b1254fb23d99c85d52965448cfc80257117"}},
  0},
 {<<"mytest1_not_on_tag1">>,
  {git,"https://github.com/anglli/mytest1.git",
       {ref,"6c6bb3f0f95ab2a900c5a5ca4e052739c7c46234"}},
  0},
 {<<"parse_trans">>,{pkg,<<"parse_trans">>,<<"3.3.0">>},1},
 {<<"unicode_util_compat">>,{pkg,<<"unicode_util_compat">>,<<"0.3.1">>},1}]}.
[
{pkg_hash,[
 {<<"certifi">>, <<"B7CFEAE9D2ED395695DD8201C57A2D019C0C43ECAF8B8BCB9320B40D6662F340">>},
 {<<"ibrowse">>, <<"B32B5BAFCC77B7277EFF030ED32E1ACC3F610C64E9F6AEA19822ABCADF681B4B">>},
 {<<"idna">>, <<"E21CB58A09F0228A9E0B95EAA1217F1BCFC31A1AAA6E1FDF2F53A33F7DBD9494">>},
 {<<"mimerl">>, <<"67E2D3F571088D5CFD3E550C383094B47159F3EEE8FFA08E64106CDF5E981BE3">>},
 {<<"parse_trans">>, <<"09765507A3C7590A784615CFD421D101AEC25098D50B89D7AA1D66646BC571C1">>},
 {<<"unicode_util_compat">>, <<"A1F612A7B512638634A603C8F401892AFBF99B8CE93A45041F8AACA99CADB85E">>}]}
].
